
Microsoft Visual Studio Solution File, Format Version 12.00
# Visual Studio 15
VisualStudioVersion = 15.0.27703.2000
MinimumVisualStudioVersion = 10.0.40219.1
Project("{FAE04EC0-301F-11D3-BF4B-00C04F79EFBC}") = "XFAVDSample.Android", "XFAVDSample\XFAVDSample.Android\XFAVDSample.Android.csproj", "{645E3600-AC4A-4B44-BBB2-7FFBA14EFEAC}"
EndProject
Project("{FAE04EC0-301F-11D3-BF4B-00C04F79EFBC}") = "XFAVDSample", "XFAVDSample\XFAVDSample\XFAVDSample.csproj", "{19E1CDB0-566B-48AA-AD2D-D6389332D839}"
EndProject
Global
	GlobalSection(SolutionConfigurationPlatforms) = preSolution
		Debug|Any CPU = Debug|Any CPU
		Release|Any CPU = Release|Any CPU
	EndGlobalSection
	GlobalSection(ProjectConfigurationPlatforms) = postSolution
		{645E3600-AC4A-4B44-BBB2-7FFBA14EFEAC}.Debug|Any CPU.ActiveCfg = Debug|Any CPU
		{645E3600-AC4A-4B44-BBB2-7FFBA14EFEAC}.Debug|Any CPU.Build.0 = Debug|Any CPU
		{645E3600-AC4A-4B44-BBB2-7FFBA14EFEAC}.Debug|Any CPU.Deploy.0 = Debug|Any CPU
		{645E3600-AC4A-4B44-BBB2-7FFBA14EFEAC}.Release|Any CPU.ActiveCfg = Release|Any CPU
		{645E3600-AC4A-4B44-BBB2-7FFBA14EFEAC}.Release|Any CPU.Build.0 = Release|Any CPU
		{645E3600-AC4A-4B44-BBB2-7FFBA14EFEAC}.Release|Any CPU.Deploy.0 = Release|Any CPU
		{19E1CDB0-566B-48AA-AD2D-D6389332D839}.Debug|Any CPU.ActiveCfg = Debug|Any CPU
		{19E1CDB0-566B-48AA-AD2D-D6389332D839}.Debug|Any CPU.Build.0 = Debug|Any CPU
		{19E1CDB0-566B-48AA-AD2D-D6389332D839}.Debug|Any CPU.Deploy.0 = Debug|Any CPU
		{19E1CDB0-566B-48AA-AD2D-D6389332D839}.Release|Any CPU.ActiveCfg = Release|Any CPU
		{19E1CDB0-566B-48AA-AD2D-D6389332D839}.Release|Any CPU.Build.0 = Release|Any CPU
		{19E1CDB0-566B-48AA-AD2D-D6389332D839}.Release|Any CPU.Deploy.0 = Release|Any CPU
	EndGlobalSection
	GlobalSection(SolutionProperties) = preSolution
		HideSolutionNode = FALSE
	EndGlobalSection
	GlobalSection(ExtensibilityGlobals) = postSolution
		SolutionGuid = {6E7E6E32-1301-4F99-ACA0-2CFD6831EC42}
	EndGlobalSection
EndGlobal
